# This file is automatically @generated by Cargo.
# It is not intended for manual editing.
version = 4

[[package]]
name = "q-vrf"
version = "0.1.0"
dependencies = [
 "qtv-crypto",
]

[[package]]
name = "qtv-attest"
version = "0.1.0"
dependencies = [
 "qtv-attest",
 "qtv-bft",
 "qtv-crypto",
 "qtv-sampler",
]

[[package]]
name = "qtv-bft"
version = "0.1.0"
dependencies = [
 "qtv-bft",
 "qtv-crypto",
]

[[package]]
name = "qtv-crypto"
version = "0.3.0"
source = "git+https://github.com/Quantova/Q-Crypto.git?rev=367547487c9ce07ca36293864308c117865a02ea#367547487c9ce07ca36293864308c117865a02ea"

[[package]]
name = "qtv-sampler"
version = "0.1.0"
dependencies = [
 "q-vrf",
 "qtv-crypto",
 "qtv-sampler",
]

[[package]]
name = "qtv-sim"
version = "0.1.0"
